{
  "lockfileVersion": 1,
  "workspaces": {
    "": {
      "name": "@meetsmatch/contracts",
      "peerDependencies": {
        "@bufbuild/protobuf": "^1.10.0",
      },
    },
  },
  "packages": {
    "@bufbuild/protobuf": ["@bufbuild/protobuf@1.10.1", "", {}, "sha512-wJ8ReQbHxsAfXhrf9ixl0aYbZorRuOWpBNzm8pL8ftmSxQx/wnJD5Eg861NwJU/czy2VXFIebCeZnZrI9rktIQ=="],
  }
}
