{
  "lockfileVersion": 1,
  "configVersion": 1,
  "workspaces": {
    "": {
      "name": "@meetsmatch/contracts",
      "dependencies": {
        "@bufbuild/protobuf": "^2.0.0",
      },
    },
  },
  "packages": {
    "@bufbuild/protobuf": ["@bufbuild/protobuf@2.10.2", "", {}, "sha512-uFsRXwIGyu+r6AMdz+XijIIZJYpoWeYzILt5yZ2d3mCjQrWUTVpVD9WL/jZAbvp+Ed04rOhrsk7FiTcEDseB5A=="],
  }
}
